// !$*UTF8*$!
{
	archiveVersion = 1;
	classes = {
	};
	objectVersion = 48;
	objects = {

/* Begin PBXBuildFile section */
		2A780E9A1F9B488C00E442AA /* AppDelegate.swift in Sources */ = {isa = PBXBuildFile; fileRef = 2A780E991F9B488C00E442AA /* AppDelegate.swift */; };
		2A780E9C1F9B488C00E442AA /* ViewController.swift in Sources */ = {isa = PBXBuildFile; fileRef = 2A780E9B1F9B488C00E442AA /* ViewController.swift */; };
		2A780E9F1F9B488C00E442AA /* Main.storyboard in Resources */ = {isa = PBXBuildFile; fileRef = 2A780E9D1F9B488C00E442AA /* Main.storyboard */; };
		2A780EA11F9B488C00E442AA /* Assets.xcassets in Resources */ = {isa = PBXBuildFile; fileRef = 2A780EA01F9B488C00E442AA /* Assets.xcassets */; };
		2A780EA41F9B488C00E442AA /* LaunchScreen.storyboard in Resources */ = {isa = PBXBuildFile; fileRef = 2A780EA21F9B488C00E442AA /* LaunchScreen.storyboard */; };
		2A780EAF1F9B488C00E442AA /* test111Tests.swift in Sources */ = {isa = PBXBuildFile; fileRef = 2A780EAE1F9B488C00E442AA /* test111Tests.swift */; };
		2A780EBA1F9B488C00E442AA /* test111UITests.swift in Sources */ = {isa = PBXBuildFile; fileRef = 2A780EB91F9B488C00E442AA /* test111UITests.swift */; };
/* End PBXBuildFile section */

/* Begin PBXContainerItemProxy section */
		2A780EAB1F9B488C00E442AA /* PBXContainerItemProxy */ = {
			isa = PBXContainerItemProxy;
			containerPortal = 2A780E8E1F9B488C00E442AA /* Project object */;
			proxyType = 1;
			remoteGlobalIDString = 2A780E951F9B488C00E442AA;
			remoteInfo = test111;
		};
		2A780EB61F9B488C00E442AA /* PBXContainerItemProxy */ = {
			isa = PBXContainerItemProxy;
			containerPortal = 2A780E8E1F9B488C00E442AA /* Project object */;
			proxyType = 1;
			remoteGlobalIDString = 2A780E951F9B488C00E442AA;
			remoteInfo = test111;
		};
/* End PBXContainerItemProxy section */

/* Begin PBXFileReference section */
		2A780E961F9B488C00E442AA /* test111.app */ = {isa = PBXFileReference; explicitFileType = wrapper.application; includeInIndex = 0; path = test111.app; sourceTree = BUILT_PRODUCTS_DIR; };
		2A780E991F9B488C00E442AA /* AppDelegate.swift */ = {isa = PBXFileReference; lastKnownFileType = sourcecode.swift; path = AppDelegate.swift; sourceTree = "<group>"; };
		2A780E9B1F9B488C00E442AA /* ViewController.swift */ = {isa = PBXFileReference; lastKnownFileType = sourcecode.swift; path = ViewController.swift; sourceTree = "<group>"; };
		2A780E9E1F9B488C00E442AA /* Base */ = {isa = PBXFileReference; lastKnownFileType = file.storyboard; name = Base; path = Base.lproj/Main.storyboard; sourceTree = "<group>"; };
		2A780EA01F9B488C00E442AA /* Assets.xcassets */ = {isa = PBXFileReference; lastKnownFileType = folder.assetcatalog; path = Assets.xcassets; sourceTree = "<group>"; };
		2A780EA31F9B488C00E442AA /* Base */ = {isa = PBXFileReference; lastKnownFileType = file.storyboard; name = Base; path = Base.lproj/LaunchScreen.storyboard; sourceTree = "<group>"; };
		2A780EA51F9B488C00E442AA /* Info.plist */ = {isa = PBXFileReference; lastKnownFileType = text.plist.xml; path = Info.plist; sourceTree = "<group>"; };
		2A780EAA1F9B488C00E442AA /* test111Tests.xctest */ = {isa = PBXFileReference; explicitFileType = wrapper.cfbundle; includeInIndex = 0; path = test111Tests.xctest; sourceTree = BUILT_PRODUCTS_DIR; };
		2A780EAE1F9B488C00E442AA /* test111Tests.swift */ = {isa = PBXFileReference; lastKnownFileType = sourcecode.swift; path = test111Tests.swift; sourceTree = "<group>"; };
		2A780EB01F9B488C00E442AA /* Info.plist */ = {isa = PBXFileReference; lastKnownFileType = text.plist.xml; path = Info.plist; sourceTree = "<group>"; };
		2A780EB51F9B488C00E442AA /* test111UITests.xctest */ = {isa = PBXFileReference; explicitFileType = wrapper.cfbundle; includeInIndex = 0; path = test111UITests.xctest; sourceTree = BUILT_PRODUCTS_DIR; };
		2A780EB91F9B488C00E442AA /* test111UITests.swift */ = {isa = PBXFileReference; lastKnownFileType = sourcecode.swift; path = test111UITests.swift; sourceTree = "<group>"; };
		2A780EBB1F9B488C00E442AA /* Info.plist */ = {isa = PBXFileReference; lastKnownFileType = text.plist.xml; path = Info.plist; sourceTree = "<group>"; };
/* End PBXFileReference section */

/* Begin PBXFrameworksBuildPhase section */
		2A780E931F9B488C00E442AA /* Frameworks */ = {
			isa = PBXFrameworksBuildPhase;
			buildActionMask = 2147483647;
			files = (
			);
			runOnlyForDeploymentPostprocessing = 0;
		};
		2A780EA71F9B488C00E442AA /* Frameworks */ = {
			isa = PBXFrameworksBuildPhase;
			buildActionMask = 2147483647;
			files = (
			);
			runOnlyForDeploymentPostprocessing = 0;
		};
		2A780EB21F9B488C00E442AA /* Frameworks */ = {
			isa = PBXFrameworksBuildPhase;
			buildActionMask = 2147483647;
			files = (
			);
			runOnlyForDeploymentPostprocessing = 0;
		};
/* End PBXFrameworksBuildPhase section */

/* Begin PBXGroup section */
		2A780E8D1F9B488C00E442AA = {
			isa = PBXGroup;
			children = (
				2A780E981F9B488C00E442AA /* test111 */,
				2A780EAD1F9B488C00E442AA /* test111Tests */,
				2A780EB81F9B488C00E442AA /* test111UITests */,
				2A780E971F9B488C00E442AA /* Products */,
			);
			sourceTree = "<group>";
		};
		2A780E971F9B488C00E442AA /* Products */ = {
			isa = PBXGroup;
			children = (
				2A780E961F9B488C00E442AA /* test111.app */,
				2A780EAA1F9B488C00E442AA /* test111Tests.xctest */,
				2A780EB51F9B488C00E442AA /* test111UITests.xctest */,
			);
			name = Products;
			sourceTree = "<group>";
		};
		2A780E981F9B488C00E442AA /* test111 */ = {
			isa = PBXGroup;
			children = (
				2A780E991F9B488C00E442AA /* AppDelegate.swift */,
				2A780E9B1F9B488C00E442AA /* ViewController.swift */,
				2A780E9D1F9B488C00E442AA /* Main.storyboard */,
				2A780EA01F9B488C00E442AA /* Assets.xcassets */,
				2A780EA21F9B488C00E442AA /* LaunchScreen.storyboard */,
				2A780EA51F9B488C00E442AA /* Info.plist */,
			);
			path = test111;
			sourceTree = "<group>";
		};
		2A780EAD1F9B488C00E442AA /* test111Tests */ = {
			isa = PBXGroup;
			children = (
				2A780EAE1F9B488C00E442AA /* test111Tests.swift */,
				2A780EB01F9B488C00E442AA /* Info.plist */,
			);
			path = test111Tests;
			sourceTree = "<group>";
		};
		2A780EB81F9B488C00E442AA /* test111UITests */ = {
			isa = PBXGroup;
			children = (
				2A780EB91F9B488C00E442AA /* test111UITests.swift */,
				2A780EBB1F9B488C00E442AA /* Info.plist */,
			);
			path = test111UITests;
			sourceTree = "<group>";
		};
/* End PBXGroup section */

/* Begin PBXNativeTarget section */
		2A780E951F9B488C00E442AA /* test111 */ = {
			isa = PBXNativeTarget;
			buildConfigurationList = 2A780EBE1F9B488C00E442AA /* Build configuration list for PBXNativeTarget "test111" */;
			buildPhases = (
				2A780E921F9B488C00E442AA /* Sources */,
				2A780E931F9B488C00E442AA /* Frameworks */,
				2A780E941F9B488C00E442AA /* Resources */,
			);
			buildRules = (
			);
			dependencies = (
			);
			name = test111;
			productName = test111;
			productReference = 2A780E961F9B488C00E442AA /* test111.app */;
			productType = "com.apple.product-type.application";
		};
		2A780EA91F9B488C00E442AA /* test111Tests */ = {
			isa = PBXNativeTarget;
			buildConfigurationList = 2A780EC11F9B488C00E442AA /* Build configuration list for PBXNativeTarget "test111Tests" */;
			buildPhases = (
				2A780EA61F9B488C00E442AA /* Sources */,
				2A780EA71F9B488C00E442AA /* Frameworks */,
				2A780EA81F9B488C00E442AA /* Resources */,
			);
			buildRules = (
			);
			dependencies = (
				2A780EAC1F9B488C00E442AA /* PBXTargetDependency */,
			);
			name = test111Tests;
			productName = test111Tests;
			productReference = 2A780EAA1F9B488C00E442AA /* test111Tests.xctest */;
			productType = "com.apple.product-type.bundle.unit-test";
		};
		2A780EB41F9B488C00E442AA /* test111UITests */ = {
			isa = PBXNativeTarget;
			buildConfigurationList = 2A780EC41F9B488C00E442AA /* Build configuration list for PBXNativeTarget "test111UITests" */;
			buildPhases = (
				2A780EB11F9B488C00E442AA /* Sources */,
				2A780EB21F9B488C00E442AA /* Frameworks */,
				2A780EB31F9B488C00E442AA /* Resources */,
			);
			buildRules = (
			);
			dependencies = (
				2A780EB71F9B488C00E442AA /* PBXTargetDependency */,
			);
			name = test111UITests;
			productName = test111UITests;
			productReference = 2A780EB51F9B488C00E442AA /* test111UITests.xctest */;
			productType = "com.apple.product-type.bundle.ui-testing";
		};
/* End PBXNativeTarget section */

/* Begin PBXProject section */
		2A780E8E1F9B488C00E442AA /* Project object */ = {
			isa = PBXProject;
			attributes = {
				LastSwiftUpdateCheck = 0900;
				LastUpgradeCheck = 0900;
				ORGANIZATIONNAME = " 楚浩远";
				TargetAttributes = {
					2A780E951F9B488C00E442AA = {
						CreatedOnToolsVersion = 9.0;
						ProvisioningStyle = Automatic;
					};
					2A780EA91F9B488C00E442AA = {
						CreatedOnToolsVersion = 9.0;
						ProvisioningStyle = Automatic;
						TestTargetID = 2A780E951F9B488C00E442AA;
					};
					2A780EB41F9B488C00E442AA = {
						CreatedOnToolsVersion = 9.0;
						ProvisioningStyle = Automatic;
						TestTargetID = 2A780E951F9B488C00E442AA;
					};
				};
			};
			buildConfigurationList = 2A780E911F9B488C00E442AA /* Build configuration list for PBXProject "test111" */;
			compatibilityVersion = "Xcode 8.0";
			developmentRegion = en;
			hasScannedForEncodings = 0;
			knownRegions = (
				en,
				Base,
			);
			mainGroup = 2A780E8D1F9B488C00E442AA;
			productRefGroup = 2A780E971F9B488C00E442AA /* Products */;
			projectDirPath = "";
			projectRoot = "";
			targets = (
				2A780E951F9B488C00E442AA /* test111 */,
				2A780EA91F9B488C00E442AA /* test111Tests */,
				2A780EB41F9B488C00E442AA /* test111UITests */,
			);
		};
/* End PBXProject section */

/* Begin PBXResourcesBuildPhase section */
		2A780E941F9B488C00E442AA /* Resources */ = {
			isa = PBXResourcesBuildPhase;
			buildActionMask = 2147483647;
			files = (
				2A780EA41F9B488C00E442AA /* LaunchScreen.storyboard in Resources */,
				2A780EA11F9B488C00E442AA /* Assets.xcassets in Resources */,
				2A780E9F1F9B488C00E442AA /* Main.storyboard in Resources */,
			);
			runOnlyForDeploymentPostprocessing = 0;
		};
		2A780EA81F9B488C00E442AA /* Resources */ = {
			isa = PBXResourcesBuildPhase;
			buildActionMask = 2147483647;
			files = (
			);
			runOnlyForDeploymentPostprocessing = 0;
		};
		2A780EB31F9B488C00E442AA /* Resources */ = {
			isa = PBXResourcesBuildPhase;
			buildActionMask = 2147483647;
			files = (
			);
			runOnlyForDeploymentPostprocessing = 0;
		};
/* End PBXResourcesBuildPhase section */

/* Begin PBXSourcesBuildPhase section */
		2A780E921F9B488C00E442AA /* Sources */ = {
			isa = PBXSourcesBuildPhase;
			buildActionMask = 2147483647;
			files = (
				2A780E9C1F9B488C00E442AA /* ViewController.swift in Sources */,
				2A780E9A1F9B488C00E442AA /* AppDelegate.swift in Sources */,
			);
			runOnlyForDeploymentPostprocessing = 0;
		};
		2A780EA61F9B488C00E442AA /* Sources */ = {
			isa = PBXSourcesBuildPhase;
			buildActionMask = 2147483647;
			files = (
				2A780EAF1F9B488C00E442AA /* test111Tests.swift in Sources */,
			);
			runOnlyForDeploymentPostprocessing = 0;
		};
		2A780EB11F9B488C00E442AA /* Sources */ = {
			isa = PBXSourcesBuildPhase;
			buildActionMask = 2147483647;
			files = (
				2A780EBA1F9B488C00E442AA /* test111UITests.swift in Sources */,
			);
			runOnlyForDeploymentPostprocessing = 0;
		};
/* End PBXSourcesBuildPhase section */

/* Begin PBXTargetDependency section */
		2A780EAC1F9B488C00E442AA /* PBXTargetDependency */ = {
			isa = PBXTargetDependency;
			target = 2A780E951F9B488C00E442AA /* test111 */;
			targetProxy = 2A780EAB1F9B488C00E442AA /* PBXContainerItemProxy */;
		};
		2A780EB71F9B488C00E442AA /* PBXTargetDependency */ = {
			isa = PBXTargetDependency;
			target = 2A780E951F9B488C00E442AA /* test111 */;
			targetProxy = 2A780EB61F9B488C00E442AA /* PBXContainerItemProxy */;
		};
/* End PBXTargetDependency section */

/* Begin PBXVariantGroup section */
		2A780E9D1F9B488C00E442AA /* Main.storyboard */ = {
			isa = PBXVariantGroup;
			children = (
				2A780E9E1F9B488C00E442AA /* Base */,
			);
			name = Main.storyboard;
			sourceTree = "<group>";
		};
		2A780EA21F9B488C00E442AA /* LaunchScreen.storyboard */ = {
			isa = PBXVariantGroup;
			children = (
				2A780EA31F9B488C00E442AA /* Base */,
			);
			name = LaunchScreen.storyboard;
			sourceTree = "<group>";
		};
/* End PBXVariantGroup section */

/* Begin XCBuildConfiguration section */
		2A780EBC1F9B488C00E442AA /* Debug */ = {
			isa = XCBuildConfiguration;
			buildSettings = {
				ALWAYS_SEARCH_USER_PATHS = NO;
				CLANG_ANALYZER_NONNULL = YES;
				CLANG_ANALYZER_NUMBER_OBJECT_CONVERSION = YES_AGGRESSIVE;
				CLANG_CXX_LANGUAGE_STANDARD = "gnu++14";
				CLANG_CXX_LIBRARY = "libc++";
				CLANG_ENABLE_MODULES = YES;
				CLANG_ENABLE_OBJC_ARC = YES;
				CLANG_WARN_BLOCK_CAPTURE_AUTORELEASING = YES;
				CLANG_WARN_BOOL_CONVERSION = YES;
				CLANG_WARN_COMMA = YES;
				CLANG_WARN_CONSTANT_CONVERSION = YES;
				CLANG_WARN_DIRECT_OBJC_ISA_USAGE = YES_ERROR;
				CLANG_WARN_DOCUMENTATION_COMMENTS = YES;
				CLANG_WARN_EMPTY_BODY = YES;
				CLANG_WARN_ENUM_CONVERSION = YES;
				CLANG_WARN_INFINITE_RECURSION = YES;
				CLANG_WARN_INT_CONVERSION = YES;
				CLANG_WARN_NON_LITERAL_NULL_CONVERSION = YES;
				CLANG_WARN_OBJC_LITERAL_CONVERSION = YES;
				CLANG_WARN_OBJC_ROOT_CLASS = YES_ERROR;
				CLANG_WARN_RANGE_LOOP_ANALYSIS = YES;
				CLANG_WARN_STRICT_PROTOTYPES = YES;
				CLANG_WARN_SUSPICIOUS_MOVE = YES;
				CLANG_WARN_UNGUARDED_AVAILABILITY = YES_AGGRESSIVE;
				CLANG_WARN_UNREACHABLE_CODE = YES;
				CLANG_WARN__DUPLICATE_METHOD_MATCH = YES;
				CODE_SIGN_IDENTITY = "iPhone Developer";
				COPY_PHASE_STRIP = NO;
				DEBUG_INFORMATION_FORMAT = dwarf;
				ENABLE_STRICT_OBJC_MSGSEND = YES;
				ENABLE_TESTABILITY = YES;
				GCC_C_LANGUAGE_STANDARD = gnu11;
				GCC_DYNAMIC_NO_PIC = NO;
				GCC_NO_COMMON_BLOCKS = YES;
				GCC_OPTIMIZATION_LEVEL = 0;
				GCC_PREPROCESSOR_DEFINITIONS = (
					"DEBUG=1",
					"$(inherited)",
				);
				GCC_WARN_64_TO_32_BIT_CONVERSION = YES;
				GCC_WARN_ABOUT_RETURN_TYPE = YES_ERROR;
				GCC_WARN_UNDECLARED_SELECTOR = YES;
				GCC_WARN_UNINITIALIZED_AUTOS = YES_AGGRESSIVE;
				GCC_WARN_UNUSED_FUNCTION = YES;
				GCC_WARN_UNUSED_VARIABLE = YES;
				IPHONEOS_DEPLOYMENT_TARGET = 11.0;
				MTL_ENABLE_DEBUG_INFO = YES;
				ONLY_ACTIVE_ARCH = YES;
				SDKROOT = iphoneos;
				SWIFT_ACTIVE_COMPILATION_CONDITIONS = DEBUG;
				SWIFT_OPTIMIZATION_LEVEL = "-Onone";
			};
			name = Debug;
		};
		2A780EBD1F9B488C00E442AA /* Release */ = {
			isa = XCBuildConfiguration;
			buildSettings = {
				ALWAYS_SEARCH_USER_PATHS = NO;
				CLANG_ANALYZER_NONNULL = YES;
				CLANG_ANALYZER_NUMBER_OBJECT_CONVERSION = YES_AGGRESSIVE;
				CLANG_CXX_LANGUAGE_STANDARD = "gnu++14";
				CLANG_CXX_LIBRARY = "libc++";
				CLANG_ENABLE_MODULES = YES;
				CLANG_ENABLE_OBJC_ARC = YES;
				CLANG_WARN_BLOCK_CAPTURE_AUTORELEASING = YES;
				CLANG_WARN_BOOL_CONVERSION = YES;
				CLANG_WARN_COMMA = YES;
				CLANG_WARN_CONSTANT_CONVERSION = YES;
				CLANG_WARN_DIRECT_OBJC_ISA_USAGE = YES_ERROR;
				CLANG_WARN_DOCUMENTATION_COMMENTS = YES;
				CLANG_WARN_EMPTY_BODY = YES;
				CLANG_WARN_ENUM_CONVERSION = YES;
				CLANG_WARN_INFINITE_RECURSION = YES;
				CLANG_WARN_INT_CONVERSION = YES;
				CLANG_WARN_NON_LITERAL_NULL_CONVERSION = YES;
				CLANG_WARN_OBJC_LITERAL_CONVERSION = YES;
				CLANG_WARN_OBJC_ROOT_CLASS = YES_ERROR;
				CLANG_WARN_RANGE_LOOP_ANALYSIS = YES;
				CLANG_WARN_STRICT_PROTOTYPES = YES;
				CLANG_WARN_SUSPICIOUS_MOVE = YES;
				CLANG_WARN_UNGUARDED_AVAILABILITY = YES_AGGRESSIVE;
				CLANG_WARN_UNREACHABLE_CODE = YES;
				CLANG_WARN__DUPLICATE_METHOD_MATCH = YES;
				CODE_SIGN_IDENTITY = "iPhone Developer";
				COPY_PHASE_STRIP = NO;
				DEBUG_INFORMATION_FORMAT = "dwarf-with-dsym";
				ENABLE_NS_ASSERTIONS = NO;
				ENABLE_STRICT_OBJC_MSGSEND = YES;
				GCC_C_LANGUAGE_STANDARD = gnu11;
				GCC_NO_COMMON_BLOCKS = YES;
				GCC_WARN_64_TO_32_BIT_CONVERSION = YES;
				GCC_WARN_ABOUT_RETURN_TYPE = YES_ERROR;
				GCC_WARN_UNDECLARED_SELECTOR = YES;
				GCC_WARN_UNINITIALIZED_AUTOS = YES_AGGRESSIVE;
				GCC_WARN_UNUSED_FUNCTION = YES;
				GCC_WARN_UNUSED_VARIABLE = YES;
				IPHONEOS_DEPLOYMENT_TARGET = 11.0;
				MTL_ENABLE_DEBUG_INFO = NO;
				SDKROOT = iphoneos;
				SWIFT_OPTIMIZATION_LEVEL = "-Owholemodule";
				VALIDATE_PRODUCT = YES;
			};
			name = Release;
		};
		2A780EBF1F9B488C00E442AA /* Debug */ = {
			isa = XCBuildConfiguration;
			buildSettings = {
				ASSETCATALOG_COMPILER_APPICON_NAME = AppIcon;
				CODE_SIGN_STYLE = Automatic;
				INFOPLIST_FILE = test111/Info.plist;
				LD_RUNPATH_SEARCH_PATHS = "$(inherited) @executable_path/Frameworks";
				PRODUCT_BUNDLE_IDENTIFIER = chu.test111;
				PRODUCT_NAME = "$(TARGET_NAME)";
				SWIFT_VERSION = 4.0;
				TARGETED_DEVICE_FAMILY = "1,2";
			};
			name = Debug;
		};
		2A780EC01F9B488C00E442AA /* Release */ = {
			isa = XCBuildConfiguration;
			buildSettings = {
				ASSETCATALOG_COMPILER_APPICON_NAME = AppIcon;
				CODE_SIGN_STYLE = Automatic;
				INFOPLIST_FILE = test111/Info.plist;
				LD_RUNPATH_SEARCH_PATHS = "$(inherited) @executable_path/Frameworks";
				PRODUCT_BUNDLE_IDENTIFIER = chu.test111;
				PRODUCT_NAME = "$(TARGET_NAME)";
				SWIFT_VERSION = 4.0;
				TARGETED_DEVICE_FAMILY = "1,2";
			};
			name = Release;
		};
		2A780EC21F9B488C00E442AA /* Debug */ = {
			isa = XCBuildConfiguration;
			buildSettings = {
				ALWAYS_EMBED_SWIFT_STANDARD_LIBRARIES = YES;
				BUNDLE_LOADER = "$(TEST_HOST)";
				CODE_SIGN_STYLE = Automatic;
				INFOPLIST_FILE = test111Tests/Info.plist;
				LD_RUNPATH_SEARCH_PATHS = "$(inherited) @executable_path/Frameworks @loader_path/Frameworks";
				PRODUCT_BUNDLE_IDENTIFIER = chu.test111Tests;
				PRODUCT_NAME = "$(TARGET_NAME)";
				SWIFT_VERSION = 4.0;
				TARGETED_DEVICE_FAMILY = "1,2";
				TEST_HOST = "$(BUILT_PRODUCTS_DIR)/test111.app/test111";
			};
			name = Debug;
		};
		2A780EC31F9B488C00E442AA /* Release */ = {
			isa = XCBuildConfiguration;
			buildSettings = {
				ALWAYS_EMBED_SWIFT_STANDARD_LIBRARIES = YES;
				BUNDLE_LOADER = "$(TEST_HOST)";
				CODE_SIGN_STYLE = Automatic;
				INFOPLIST_FILE = test111Tests/Info.plist;
				LD_RUNPATH_SEARCH_PATHS = "$(inherited) @executable_path/Frameworks @loader_path/Frameworks";
				PRODUCT_BUNDLE_IDENTIFIER = chu.test111Tests;
				PRODUCT_NAME = "$(TARGET_NAME)";
				SWIFT_VERSION = 4.0;
				TARGETED_DEVICE_FAMILY = "1,2";
				TEST_HOST = "$(BUILT_PRODUCTS_DIR)/test111.app/test111";
			};
			name = Release;
		};
		2A780EC51F9B488C00E442AA /* Debug */ = {
			isa = XCBuildConfiguration;
			buildSettings = {
				ALWAYS_EMBED_SWIFT_STANDARD_LIBRARIES = YES;
				CODE_SIGN_STYLE = Automatic;
				INFOPLIST_FILE = test111UITests/Info.plist;
				LD_RUNPATH_SEARCH_PATHS = "$(inherited) @executable_path/Frameworks @loader_path/Frameworks";
				PRODUCT_BUNDLE_IDENTIFIER = chu.test111UITests;
				PRODUCT_NAME = "$(TARGET_NAME)";
				SWIFT_VERSION = 4.0;
				TARGETED_DEVICE_FAMILY = "1,2";
				TEST_TARGET_NAME = test111;
			};
			name = Debug;
		};
		2A780EC61F9B488C00E442AA /* Release */ = {
			isa = XCBuildConfiguration;
			buildSettings = {
				ALWAYS_EMBED_SWIFT_STANDARD_LIBRARIES = YES;
				CODE_SIGN_STYLE = Automatic;
				INFOPLIST_FILE = test111UITests/Info.plist;
				LD_RUNPATH_SEARCH_PATHS = "$(inherited) @executable_path/Frameworks @loader_path/Frameworks";
				PRODUCT_BUNDLE_IDENTIFIER = chu.test111UITests;
				PRODUCT_NAME = "$(TARGET_NAME)";
				SWIFT_VERSION = 4.0;
				TARGETED_DEVICE_FAMILY = "1,2";
				TEST_TARGET_NAME = test111;
			};
			name = Release;
		};
/* End XCBuildConfiguration section */

/* Begin XCConfigurationList section */
		2A780E911F9B488C00E442AA /* Build configuration list for PBXProject "test111" */ = {
			isa = XCConfigurationList;
			buildConfigurations = (
				2A780EBC1F9B488C00E442AA /* Debug */,
				2A780EBD1F9B488C00E442AA /* Release */,
			);
			defaultConfigurationIsVisible = 0;
			defaultConfigurationName = Release;
		};
		2A780EBE1F9B488C00E442AA /* Build configuration list for PBXNativeTarget "test111" */ = {
			isa = XCConfigurationList;
			buildConfigurations = (
				2A780EBF1F9B488C00E442AA /* Debug */,
				2A780EC01F9B488C00E442AA /* Release */,
			);
			defaultConfigurationIsVisible = 0;
			defaultConfigurationName = Release;
		};
		2A780EC11F9B488C00E442AA /* Build configuration list for PBXNativeTarget "test111Tests" */ = {
			isa = XCConfigurationList;
			buildConfigurations = (
				2A780EC21F9B488C00E442AA /* Debug */,
				2A780EC31F9B488C00E442AA /* Release */,
			);
			defaultConfigurationIsVisible = 0;
			defaultConfigurationName = Release;
		};
		2A780EC41F9B488C00E442AA /* Build configuration list for PBXNativeTarget "test111UITests" */ = {
			isa = XCConfigurationList;
			buildConfigurations = (
				2A780EC51F9B488C00E442AA /* Debug */,
				2A780EC61F9B488C00E442AA /* Release */,
			);
			defaultConfigurationIsVisible = 0;
			defaultConfigurationName = Release;
		};
/* End XCConfigurationList section */
	};
	rootObject = 2A780E8E1F9B488C00E442AA /* Project object */;
}
