// !$*UTF8*$!
{
	archiveVersion = 1;
	classes = {
	};
	objectVersion = 48;
	objects = {

/* Begin PBXBuildFile section */
		2A4DD5361F72203000F8C01F /* AppDelegate.swift in Sources */ = {isa = PBXBuildFile; fileRef = 2A4DD5351F72203000F8C01F /* AppDelegate.swift */; };
		2A4DD5381F72203000F8C01F /* ViewController.swift in Sources */ = {isa = PBXBuildFile; fileRef = 2A4DD5371F72203000F8C01F /* ViewController.swift */; };
		2A4DD53B1F72203000F8C01F /* Main.storyboard in Resources */ = {isa = PBXBuildFile; fileRef = 2A4DD5391F72203000F8C01F /* Main.storyboard */; };
		2A4DD53D1F72203000F8C01F /* Assets.xcassets in Resources */ = {isa = PBXBuildFile; fileRef = 2A4DD53C1F72203000F8C01F /* Assets.xcassets */; };
		2A4DD5401F72203000F8C01F /* LaunchScreen.storyboard in Resources */ = {isa = PBXBuildFile; fileRef = 2A4DD53E1F72203000F8C01F /* LaunchScreen.storyboard */; };
		2A4DD54B1F72203000F8C01F /* testTests.swift in Sources */ = {isa = PBXBuildFile; fileRef = 2A4DD54A1F72203000F8C01F /* testTests.swift */; };
		2A4DD5561F72203100F8C01F /* testUITests.swift in Sources */ = {isa = PBXBuildFile; fileRef = 2A4DD5551F72203100F8C01F /* testUITests.swift */; };
/* End PBXBuildFile section */

/* Begin PBXContainerItemProxy section */
		2A4DD5471F72203000F8C01F /* PBXContainerItemProxy */ = {
			isa = PBXContainerItemProxy;
			containerPortal = 2A4DD52A1F72203000F8C01F /* Project object */;
			proxyType = 1;
			remoteGlobalIDString = 2A4DD5311F72203000F8C01F;
			remoteInfo = test;
		};
		2A4DD5521F72203000F8C01F /* PBXContainerItemProxy */ = {
			isa = PBXContainerItemProxy;
			containerPortal = 2A4DD52A1F72203000F8C01F /* Project object */;
			proxyType = 1;
			remoteGlobalIDString = 2A4DD5311F72203000F8C01F;
			remoteInfo = test;
		};
/* End PBXContainerItemProxy section */

/* Begin PBXFileReference section */
		2A4DD5321F72203000F8C01F /* test.app */ = {isa = PBXFileReference; explicitFileType = wrapper.application; includeInIndex = 0; path = test.app; sourceTree = BUILT_PRODUCTS_DIR; };
		2A4DD5351F72203000F8C01F /* AppDelegate.swift */ = {isa = PBXFileReference; lastKnownFileType = sourcecode.swift; path = AppDelegate.swift; sourceTree = "<group>"; };
		2A4DD5371F72203000F8C01F /* ViewController.swift */ = {isa = PBXFileReference; lastKnownFileType = sourcecode.swift; path = ViewController.swift; sourceTree = "<group>"; };
		2A4DD53A1F72203000F8C01F /* Base */ = {isa = PBXFileReference; lastKnownFileType = file.storyboard; name = Base; path = Base.lproj/Main.storyboard; sourceTree = "<group>"; };
		2A4DD53C1F72203000F8C01F /* Assets.xcassets */ = {isa = PBXFileReference; lastKnownFileType = folder.assetcatalog; path = Assets.xcassets; sourceTree = "<group>"; };
		2A4DD53F1F72203000F8C01F /* Base */ = {isa = PBXFileReference; lastKnownFileType = file.storyboard; name = Base; path = Base.lproj/LaunchScreen.storyboard; sourceTree = "<group>"; };
		2A4DD5411F72203000F8C01F /* Info.plist */ = {isa = PBXFileReference; lastKnownFileType = text.plist.xml; path = Info.plist; sourceTree = "<group>"; };
		2A4DD5461F72203000F8C01F /* testTests.xctest */ = {isa = PBXFileReference; explicitFileType = wrapper.cfbundle; includeInIndex = 0; path = testTests.xctest; sourceTree = BUILT_PRODUCTS_DIR; };
		2A4DD54A1F72203000F8C01F /* testTests.swift */ = {isa = PBXFileReference; lastKnownFileType = sourcecode.swift; path = testTests.swift; sourceTree = "<group>"; };
		2A4DD54C1F72203000F8C01F /* Info.plist */ = {isa = PBXFileReference; lastKnownFileType = text.plist.xml; path = Info.plist; sourceTree = "<group>"; };
		2A4DD5511F72203000F8C01F /* testUITests.xctest */ = {isa = PBXFileReference; explicitFileType = wrapper.cfbundle; includeInIndex = 0; path = testUITests.xctest; sourceTree = BUILT_PRODUCTS_DIR; };
		2A4DD5551F72203100F8C01F /* testUITests.swift */ = {isa = PBXFileReference; lastKnownFileType = sourcecode.swift; path = testUITests.swift; sourceTree = "<group>"; };
		2A4DD5571F72203100F8C01F /* Info.plist */ = {isa = PBXFileReference; lastKnownFileType = text.plist.xml; path = Info.plist; sourceTree = "<group>"; };
/* End PBXFileReference section */

/* Begin PBXFrameworksBuildPhase section */
		2A4DD52F1F72203000F8C01F /* Frameworks */ = {
			isa = PBXFrameworksBuildPhase;
			buildActionMask = 2147483647;
			files = (
			);
			runOnlyForDeploymentPostprocessing = 0;
		};
		2A4DD5431F72203000F8C01F /* Frameworks */ = {
			isa = PBXFrameworksBuildPhase;
			buildActionMask = 2147483647;
			files = (
			);
			runOnlyForDeploymentPostprocessing = 0;
		};
		2A4DD54E1F72203000F8C01F /* Frameworks */ = {
			isa = PBXFrameworksBuildPhase;
			buildActionMask = 2147483647;
			files = (
			);
			runOnlyForDeploymentPostprocessing = 0;
		};
/* End PBXFrameworksBuildPhase section */

/* Begin PBXGroup section */
		2A4DD5291F72203000F8C01F = {
			isa = PBXGroup;
			children = (
				2A4DD5341F72203000F8C01F /* test */,
				2A4DD5491F72203000F8C01F /* testTests */,
				2A4DD5541F72203100F8C01F /* testUITests */,
				2A4DD5331F72203000F8C01F /* Products */,
			);
			sourceTree = "<group>";
		};
		2A4DD5331F72203000F8C01F /* Products */ = {
			isa = PBXGroup;
			children = (
				2A4DD5321F72203000F8C01F /* test.app */,
				2A4DD5461F72203000F8C01F /* testTests.xctest */,
				2A4DD5511F72203000F8C01F /* testUITests.xctest */,
			);
			name = Products;
			sourceTree = "<group>";
		};
		2A4DD5341F72203000F8C01F /* test */ = {
			isa = PBXGroup;
			children = (
				2A4DD5351F72203000F8C01F /* AppDelegate.swift */,
				2A4DD5371F72203000F8C01F /* ViewController.swift */,
				2A4DD5391F72203000F8C01F /* Main.storyboard */,
				2A4DD53C1F72203000F8C01F /* Assets.xcassets */,
				2A4DD53E1F72203000F8C01F /* LaunchScreen.storyboard */,
				2A4DD5411F72203000F8C01F /* Info.plist */,
			);
			path = test;
			sourceTree = "<group>";
		};
		2A4DD5491F72203000F8C01F /* testTests */ = {
			isa = PBXGroup;
			children = (
				2A4DD54A1F72203000F8C01F /* testTests.swift */,
				2A4DD54C1F72203000F8C01F /* Info.plist */,
			);
			path = testTests;
			sourceTree = "<group>";
		};
		2A4DD5541F72203100F8C01F /* testUITests */ = {
			isa = PBXGroup;
			children = (
				2A4DD5551F72203100F8C01F /* testUITests.swift */,
				2A4DD5571F72203100F8C01F /* Info.plist */,
			);
			path = testUITests;
			sourceTree = "<group>";
		};
/* End PBXGroup section */

/* Begin PBXNativeTarget section */
		2A4DD5311F72203000F8C01F /* test */ = {
			isa = PBXNativeTarget;
			buildConfigurationList = 2A4DD55A1F72203100F8C01F /* Build configuration list for PBXNativeTarget "test" */;
			buildPhases = (
				2A4DD52E1F72203000F8C01F /* Sources */,
				2A4DD52F1F72203000F8C01F /* Frameworks */,
				2A4DD5301F72203000F8C01F /* Resources */,
			);
			buildRules = (
			);
			dependencies = (
			);
			name = test;
			productName = test;
			productReference = 2A4DD5321F72203000F8C01F /* test.app */;
			productType = "com.apple.product-type.application";
		};
		2A4DD5451F72203000F8C01F /* testTests */ = {
			isa = PBXNativeTarget;
			buildConfigurationList = 2A4DD55D1F72203100F8C01F /* Build configuration list for PBXNativeTarget "testTests" */;
			buildPhases = (
				2A4DD5421F72203000F8C01F /* Sources */,
				2A4DD5431F72203000F8C01F /* Frameworks */,
				2A4DD5441F72203000F8C01F /* Resources */,
			);
			buildRules = (
			);
			dependencies = (
				2A4DD5481F72203000F8C01F /* PBXTargetDependency */,
			);
			name = testTests;
			productName = testTests;
			productReference = 2A4DD5461F72203000F8C01F /* testTests.xctest */;
			productType = "com.apple.product-type.bundle.unit-test";
		};
		2A4DD5501F72203000F8C01F /* testUITests */ = {
			isa = PBXNativeTarget;
			buildConfigurationList = 2A4DD5601F72203100F8C01F /* Build configuration list for PBXNativeTarget "testUITests" */;
			buildPhases = (
				2A4DD54D1F72203000F8C01F /* Sources */,
				2A4DD54E1F72203000F8C01F /* Frameworks */,
				2A4DD54F1F72203000F8C01F /* Resources */,
			);
			buildRules = (
			);
			dependencies = (
				2A4DD5531F72203000F8C01F /* PBXTargetDependency */,
			);
			name = testUITests;
			productName = testUITests;
			productReference = 2A4DD5511F72203000F8C01F /* testUITests.xctest */;
			productType = "com.apple.product-type.bundle.ui-testing";
		};
/* End PBXNativeTarget section */

/* Begin PBXProject section */
		2A4DD52A1F72203000F8C01F /* Project object */ = {
			isa = PBXProject;
			attributes = {
				LastSwiftUpdateCheck = 0900;
				LastUpgradeCheck = 0900;
				ORGANIZATIONNAME = " 楚浩远";
				TargetAttributes = {
					2A4DD5311F72203000F8C01F = {
						CreatedOnToolsVersion = 9.0;
						ProvisioningStyle = Automatic;
					};
					2A4DD5451F72203000F8C01F = {
						CreatedOnToolsVersion = 9.0;
						ProvisioningStyle = Automatic;
						TestTargetID = 2A4DD5311F72203000F8C01F;
					};
					2A4DD5501F72203000F8C01F = {
						CreatedOnToolsVersion = 9.0;
						ProvisioningStyle = Automatic;
						TestTargetID = 2A4DD5311F72203000F8C01F;
					};
				};
			};
			buildConfigurationList = 2A4DD52D1F72203000F8C01F /* Build configuration list for PBXProject "test" */;
			compatibilityVersion = "Xcode 8.0";
			developmentRegion = en;
			hasScannedForEncodings = 0;
			knownRegions = (
				en,
				Base,
			);
			mainGroup = 2A4DD5291F72203000F8C01F;
			productRefGroup = 2A4DD5331F72203000F8C01F /* Products */;
			projectDirPath = "";
			projectRoot = "";
			targets = (
				2A4DD5311F72203000F8C01F /* test */,
				2A4DD5451F72203000F8C01F /* testTests */,
				2A4DD5501F72203000F8C01F /* testUITests */,
			);
		};
/* End PBXProject section */

/* Begin PBXResourcesBuildPhase section */
		2A4DD5301F72203000F8C01F /* Resources */ = {
			isa = PBXResourcesBuildPhase;
			buildActionMask = 2147483647;
			files = (
				2A4DD5401F72203000F8C01F /* LaunchScreen.storyboard in Resources */,
				2A4DD53D1F72203000F8C01F /* Assets.xcassets in Resources */,
				2A4DD53B1F72203000F8C01F /* Main.storyboard in Resources */,
			);
			runOnlyForDeploymentPostprocessing = 0;
		};
		2A4DD5441F72203000F8C01F /* Resources */ = {
			isa = PBXResourcesBuildPhase;
			buildActionMask = 2147483647;
			files = (
			);
			runOnlyForDeploymentPostprocessing = 0;
		};
		2A4DD54F1F72203000F8C01F /* Resources */ = {
			isa = PBXResourcesBuildPhase;
			buildActionMask = 2147483647;
			files = (
			);
			runOnlyForDeploymentPostprocessing = 0;
		};
/* End PBXResourcesBuildPhase section */

/* Begin PBXSourcesBuildPhase section */
		2A4DD52E1F72203000F8C01F /* Sources */ = {
			isa = PBXSourcesBuildPhase;
			buildActionMask = 2147483647;
			files = (
				2A4DD5381F72203000F8C01F /* ViewController.swift in Sources */,
				2A4DD5361F72203000F8C01F /* AppDelegate.swift in Sources */,
			);
			runOnlyForDeploymentPostprocessing = 0;
		};
		2A4DD5421F72203000F8C01F /* Sources */ = {
			isa = PBXSourcesBuildPhase;
			buildActionMask = 2147483647;
			files = (
				2A4DD54B1F72203000F8C01F /* testTests.swift in Sources */,
			);
			runOnlyForDeploymentPostprocessing = 0;
		};
		2A4DD54D1F72203000F8C01F /* Sources */ = {
			isa = PBXSourcesBuildPhase;
			buildActionMask = 2147483647;
			files = (
				2A4DD5561F72203100F8C01F /* testUITests.swift in Sources */,
			);
			runOnlyForDeploymentPostprocessing = 0;
		};
/* End PBXSourcesBuildPhase section */

/* Begin PBXTargetDependency section */
		2A4DD5481F72203000F8C01F /* PBXTargetDependency */ = {
			isa = PBXTargetDependency;
			target = 2A4DD5311F72203000F8C01F /* test */;
			targetProxy = 2A4DD5471F72203000F8C01F /* PBXContainerItemProxy */;
		};
		2A4DD5531F72203000F8C01F /* PBXTargetDependency */ = {
			isa = PBXTargetDependency;
			target = 2A4DD5311F72203000F8C01F /* test */;
			targetProxy = 2A4DD5521F72203000F8C01F /* PBXContainerItemProxy */;
		};
/* End PBXTargetDependency section */

/* Begin PBXVariantGroup section */
		2A4DD5391F72203000F8C01F /* Main.storyboard */ = {
			isa = PBXVariantGroup;
			children = (
				2A4DD53A1F72203000F8C01F /* Base */,
			);
			name = Main.storyboard;
			sourceTree = "<group>";
		};
		2A4DD53E1F72203000F8C01F /* LaunchScreen.storyboard */ = {
			isa = PBXVariantGroup;
			children = (
				2A4DD53F1F72203000F8C01F /* Base */,
			);
			name = LaunchScreen.storyboard;
			sourceTree = "<group>";
		};
/* End PBXVariantGroup section */

/* Begin XCBuildConfiguration section */
		2A4DD5581F72203100F8C01F /* Debug */ = {
			isa = XCBuildConfiguration;
			buildSettings = {
				ALWAYS_SEARCH_USER_PATHS = NO;
				CLANG_ANALYZER_NONNULL = YES;
				CLANG_ANALYZER_NUMBER_OBJECT_CONVERSION = YES_AGGRESSIVE;
				CLANG_CXX_LANGUAGE_STANDARD = "gnu++14";
				CLANG_CXX_LIBRARY = "libc++";
				CLANG_ENABLE_MODULES = YES;
				CLANG_ENABLE_OBJC_ARC = YES;
				CLANG_WARN_BLOCK_CAPTURE_AUTORELEASING = YES;
				CLANG_WARN_BOOL_CONVERSION = YES;
				CLANG_WARN_COMMA = YES;
				CLANG_WARN_CONSTANT_CONVERSION = YES;
				CLANG_WARN_DIRECT_OBJC_ISA_USAGE = YES_ERROR;
				CLANG_WARN_DOCUMENTATION_COMMENTS = YES;
				CLANG_WARN_EMPTY_BODY = YES;
				CLANG_WARN_ENUM_CONVERSION = YES;
				CLANG_WARN_INFINITE_RECURSION = YES;
				CLANG_WARN_INT_CONVERSION = YES;
				CLANG_WARN_NON_LITERAL_NULL_CONVERSION = YES;
				CLANG_WARN_OBJC_LITERAL_CONVERSION = YES;
				CLANG_WARN_OBJC_ROOT_CLASS = YES_ERROR;
				CLANG_WARN_RANGE_LOOP_ANALYSIS = YES;
				CLANG_WARN_STRICT_PROTOTYPES = YES;
				CLANG_WARN_SUSPICIOUS_MOVE = YES;
				CLANG_WARN_UNGUARDED_AVAILABILITY = YES_AGGRESSIVE;
				CLANG_WARN_UNREACHABLE_CODE = YES;
				CLANG_WARN__DUPLICATE_METHOD_MATCH = YES;
				CODE_SIGN_IDENTITY = "iPhone Developer";
				COPY_PHASE_STRIP = NO;
				DEBUG_INFORMATION_FORMAT = dwarf;
				ENABLE_STRICT_OBJC_MSGSEND = YES;
				ENABLE_TESTABILITY = YES;
				GCC_C_LANGUAGE_STANDARD = gnu11;
				GCC_DYNAMIC_NO_PIC = NO;
				GCC_NO_COMMON_BLOCKS = YES;
				GCC_OPTIMIZATION_LEVEL = 0;
				GCC_PREPROCESSOR_DEFINITIONS = (
					"DEBUG=1",
					"$(inherited)",
				);
				GCC_WARN_64_TO_32_BIT_CONVERSION = YES;
				GCC_WARN_ABOUT_RETURN_TYPE = YES_ERROR;
				GCC_WARN_UNDECLARED_SELECTOR = YES;
				GCC_WARN_UNINITIALIZED_AUTOS = YES_AGGRESSIVE;
				GCC_WARN_UNUSED_FUNCTION = YES;
				GCC_WARN_UNUSED_VARIABLE = YES;
				IPHONEOS_DEPLOYMENT_TARGET = 11.0;
				MTL_ENABLE_DEBUG_INFO = YES;
				ONLY_ACTIVE_ARCH = YES;
				SDKROOT = iphoneos;
				SWIFT_ACTIVE_COMPILATION_CONDITIONS = DEBUG;
				SWIFT_OPTIMIZATION_LEVEL = "-Onone";
			};
			name = Debug;
		};
		2A4DD5591F72203100F8C01F /* Release */ = {
			isa = XCBuildConfiguration;
			buildSettings = {
				ALWAYS_SEARCH_USER_PATHS = NO;
				CLANG_ANALYZER_NONNULL = YES;
				CLANG_ANALYZER_NUMBER_OBJECT_CONVERSION = YES_AGGRESSIVE;
				CLANG_CXX_LANGUAGE_STANDARD = "gnu++14";
				CLANG_CXX_LIBRARY = "libc++";
				CLANG_ENABLE_MODULES = YES;
				CLANG_ENABLE_OBJC_ARC = YES;
				CLANG_WARN_BLOCK_CAPTURE_AUTORELEASING = YES;
				CLANG_WARN_BOOL_CONVERSION = YES;
				CLANG_WARN_COMMA = YES;
				CLANG_WARN_CONSTANT_CONVERSION = YES;
				CLANG_WARN_DIRECT_OBJC_ISA_USAGE = YES_ERROR;
				CLANG_WARN_DOCUMENTATION_COMMENTS = YES;
				CLANG_WARN_EMPTY_BODY = YES;
				CLANG_WARN_ENUM_CONVERSION = YES;
				CLANG_WARN_INFINITE_RECURSION = YES;
				CLANG_WARN_INT_CONVERSION = YES;
				CLANG_WARN_NON_LITERAL_NULL_CONVERSION = YES;
				CLANG_WARN_OBJC_LITERAL_CONVERSION = YES;
				CLANG_WARN_OBJC_ROOT_CLASS = YES_ERROR;
				CLANG_WARN_RANGE_LOOP_ANALYSIS = YES;
				CLANG_WARN_STRICT_PROTOTYPES = YES;
				CLANG_WARN_SUSPICIOUS_MOVE = YES;
				CLANG_WARN_UNGUARDED_AVAILABILITY = YES_AGGRESSIVE;
				CLANG_WARN_UNREACHABLE_CODE = YES;
				CLANG_WARN__DUPLICATE_METHOD_MATCH = YES;
				CODE_SIGN_IDENTITY = "iPhone Developer";
				COPY_PHASE_STRIP = NO;
				DEBUG_INFORMATION_FORMAT = "dwarf-with-dsym";
				ENABLE_NS_ASSERTIONS = NO;
				ENABLE_STRICT_OBJC_MSGSEND = YES;
				GCC_C_LANGUAGE_STANDARD = gnu11;
				GCC_NO_COMMON_BLOCKS = YES;
				GCC_WARN_64_TO_32_BIT_CONVERSION = YES;
				GCC_WARN_ABOUT_RETURN_TYPE = YES_ERROR;
				GCC_WARN_UNDECLARED_SELECTOR = YES;
				GCC_WARN_UNINITIALIZED_AUTOS = YES_AGGRESSIVE;
				GCC_WARN_UNUSED_FUNCTION = YES;
				GCC_WARN_UNUSED_VARIABLE = YES;
				IPHONEOS_DEPLOYMENT_TARGET = 11.0;
				MTL_ENABLE_DEBUG_INFO = NO;
				SDKROOT = iphoneos;
				SWIFT_OPTIMIZATION_LEVEL = "-Owholemodule";
				VALIDATE_PRODUCT = YES;
			};
			name = Release;
		};
		2A4DD55B1F72203100F8C01F /* Debug */ = {
			isa = XCBuildConfiguration;
			buildSettings = {
				ASSETCATALOG_COMPILER_APPICON_NAME = AppIcon;
				CODE_SIGN_STYLE = Automatic;
				INFOPLIST_FILE = test/Info.plist;
				LD_RUNPATH_SEARCH_PATHS = "$(inherited) @executable_path/Frameworks";
				PRODUCT_BUNDLE_IDENTIFIER = chu.test;
				PRODUCT_NAME = "$(TARGET_NAME)";
				SWIFT_VERSION = 4.0;
				TARGETED_DEVICE_FAMILY = "1,2";
			};
			name = Debug;
		};
		2A4DD55C1F72203100F8C01F /* Release */ = {
			isa = XCBuildConfiguration;
			buildSettings = {
				ASSETCATALOG_COMPILER_APPICON_NAME = AppIcon;
				CODE_SIGN_STYLE = Automatic;
				INFOPLIST_FILE = test/Info.plist;
				LD_RUNPATH_SEARCH_PATHS = "$(inherited) @executable_path/Frameworks";
				PRODUCT_BUNDLE_IDENTIFIER = chu.test;
				PRODUCT_NAME = "$(TARGET_NAME)";
				SWIFT_VERSION = 4.0;
				TARGETED_DEVICE_FAMILY = "1,2";
			};
			name = Release;
		};
		2A4DD55E1F72203100F8C01F /* Debug */ = {
			isa = XCBuildConfiguration;
			buildSettings = {
				ALWAYS_EMBED_SWIFT_STANDARD_LIBRARIES = YES;
				BUNDLE_LOADER = "$(TEST_HOST)";
				CODE_SIGN_STYLE = Automatic;
				INFOPLIST_FILE = testTests/Info.plist;
				LD_RUNPATH_SEARCH_PATHS = "$(inherited) @executable_path/Frameworks @loader_path/Frameworks";
				PRODUCT_BUNDLE_IDENTIFIER = chu.testTests;
				PRODUCT_NAME = "$(TARGET_NAME)";
				SWIFT_VERSION = 4.0;
				TARGETED_DEVICE_FAMILY = "1,2";
				TEST_HOST = "$(BUILT_PRODUCTS_DIR)/test.app/test";
			};
			name = Debug;
		};
		2A4DD55F1F72203100F8C01F /* Release */ = {
			isa = XCBuildConfiguration;
			buildSettings = {
				ALWAYS_EMBED_SWIFT_STANDARD_LIBRARIES = YES;
				BUNDLE_LOADER = "$(TEST_HOST)";
				CODE_SIGN_STYLE = Automatic;
				INFOPLIST_FILE = testTests/Info.plist;
				LD_RUNPATH_SEARCH_PATHS = "$(inherited) @executable_path/Frameworks @loader_path/Frameworks";
				PRODUCT_BUNDLE_IDENTIFIER = chu.testTests;
				PRODUCT_NAME = "$(TARGET_NAME)";
				SWIFT_VERSION = 4.0;
				TARGETED_DEVICE_FAMILY = "1,2";
				TEST_HOST = "$(BUILT_PRODUCTS_DIR)/test.app/test";
			};
			name = Release;
		};
		2A4DD5611F72203100F8C01F /* Debug */ = {
			isa = XCBuildConfiguration;
			buildSettings = {
				ALWAYS_EMBED_SWIFT_STANDARD_LIBRARIES = YES;
				CODE_SIGN_STYLE = Automatic;
				INFOPLIST_FILE = testUITests/Info.plist;
				LD_RUNPATH_SEARCH_PATHS = "$(inherited) @executable_path/Frameworks @loader_path/Frameworks";
				PRODUCT_BUNDLE_IDENTIFIER = chu.testUITests;
				PRODUCT_NAME = "$(TARGET_NAME)";
				SWIFT_VERSION = 4.0;
				TARGETED_DEVICE_FAMILY = "1,2";
				TEST_TARGET_NAME = test;
			};
			name = Debug;
		};
		2A4DD5621F72203100F8C01F /* Release */ = {
			isa = XCBuildConfiguration;
			buildSettings = {
				ALWAYS_EMBED_SWIFT_STANDARD_LIBRARIES = YES;
				CODE_SIGN_STYLE = Automatic;
				INFOPLIST_FILE = testUITests/Info.plist;
				LD_RUNPATH_SEARCH_PATHS = "$(inherited) @executable_path/Frameworks @loader_path/Frameworks";
				PRODUCT_BUNDLE_IDENTIFIER = chu.testUITests;
				PRODUCT_NAME = "$(TARGET_NAME)";
				SWIFT_VERSION = 4.0;
				TARGETED_DEVICE_FAMILY = "1,2";
				TEST_TARGET_NAME = test;
			};
			name = Release;
		};
/* End XCBuildConfiguration section */

/* Begin XCConfigurationList section */
		2A4DD52D1F72203000F8C01F /* Build configuration list for PBXProject "test" */ = {
			isa = XCConfigurationList;
			buildConfigurations = (
				2A4DD5581F72203100F8C01F /* Debug */,
				2A4DD5591F72203100F8C01F /* Release */,
			);
			defaultConfigurationIsVisible = 0;
			defaultConfigurationName = Release;
		};
		2A4DD55A1F72203100F8C01F /* Build configuration list for PBXNativeTarget "test" */ = {
			isa = XCConfigurationList;
			buildConfigurations = (
				2A4DD55B1F72203100F8C01F /* Debug */,
				2A4DD55C1F72203100F8C01F /* Release */,
			);
			defaultConfigurationIsVisible = 0;
			defaultConfigurationName = Release;
		};
		2A4DD55D1F72203100F8C01F /* Build configuration list for PBXNativeTarget "testTests" */ = {
			isa = XCConfigurationList;
			buildConfigurations = (
				2A4DD55E1F72203100F8C01F /* Debug */,
				2A4DD55F1F72203100F8C01F /* Release */,
			);
			defaultConfigurationIsVisible = 0;
			defaultConfigurationName = Release;
		};
		2A4DD5601F72203100F8C01F /* Build configuration list for PBXNativeTarget "testUITests" */ = {
			isa = XCConfigurationList;
			buildConfigurations = (
				2A4DD5611F72203100F8C01F /* Debug */,
				2A4DD5621F72203100F8C01F /* Release */,
			);
			defaultConfigurationIsVisible = 0;
			defaultConfigurationName = Release;
		};
/* End XCConfigurationList section */
	};
	rootObject = 2A4DD52A1F72203000F8C01F /* Project object */;
}
